
Microsoft Visual Studio Solution File, Format Version 12.00
# Visual Studio 2012
Project("{8BC9CEB8-8B4A-11D0-8D11-00A0C91BC942}") = "wanakiwi", "wanakiwi.vcxproj", "{1E2142D4-FF9B-4FB0-AF37-19ED4EC978C9}"
EndProject
Global
	GlobalSection(SolutionConfigurationPlatforms) = preSolution
		Release|Win32 = Release|Win32
	EndGlobalSection
	GlobalSection(ProjectConfigurationPlatforms) = postSolution
		{1E2142D4-FF9B-4FB0-AF37-19ED4EC978C9}.Release|Win32.ActiveCfg = Release|Win32
		{1E2142D4-FF9B-4FB0-AF37-19ED4EC978C9}.Release|Win32.Build.0 = Release|Win32
	EndGlobalSection
	GlobalSection(SolutionProperties) = preSolution
		HideSolutionNode = FALSE
	EndGlobalSection
EndGlobal
