<?xml version="1.0" encoding="utf-8"?>
<Project ToolsVersion="4.0" xmlns="http://schemas.microsoft.com/developer/msbuild/2003">
  <ItemGroup>
    <ClCompile Include="rsautil.c" />
    <ClCompile Include="main.c" />
    <ClCompile Include="fileutil.c" />
    <ClCompile Include="process.c" />
  </ItemGroup>
  <ItemGroup>
    <ClInclude Include="rsautil.h" />
    <ClInclude Include="main.h" />
    <ClInclude Include="globals.h" />
    <ClInclude Include="fileutil.h" />
    <ClInclude Include="process.h" />
    <ClInclude Include="inc\openssl\aes.h">
      <Filter>inc\openssl</Filter>
    </ClInclude>
    <ClInclude Include="inc\openssl\asn1.h">
      <Filter>inc\openssl</Filter>
    </ClInclude>
    <ClInclude Include="inc\openssl\asn1_mac.h">
      <Filter>inc\openssl</Filter>
    </ClInclude>
    <ClInclude Include="inc\openssl\asn1t.h">
      <Filter>inc\openssl</Filter>
    </ClInclude>
    <ClInclude Include="inc\openssl\bio.h">
      <Filter>inc\openssl</Filter>
    </ClInclude>
    <ClInclude Include="inc\openssl\blowfish.h">
      <Filter>inc\openssl</Filter>
    </ClInclude>
    <ClInclude Include="inc\openssl\bn.h">
      <Filter>inc\openssl</Filter>
    </ClInclude>
    <ClInclude Include="inc\openssl\buffer.h">
      <Filter>inc\openssl</Filter>
    </ClInclude>
    <ClInclude Include="inc\openssl\camellia.h">
      <Filter>inc\openssl</Filter>
    </ClInclude>
    <ClInclude Include="inc\openssl\cast.h">
      <Filter>inc\openssl</Filter>
    </ClInclude>
    <ClInclude Include="inc\openssl\cmac.h">
      <Filter>inc\openssl</Filter>
    </ClInclude>
    <ClInclude Include="inc\openssl\cms.h">
      <Filter>inc\openssl</Filter>
    </ClInclude>
    <ClInclude Include="inc\openssl\comp.h">
      <Filter>inc\openssl</Filter>
    </ClInclude>
    <ClInclude Include="inc\openssl\conf.h">
      <Filter>inc\openssl</Filter>
    </ClInclude>
    <ClInclude Include="inc\openssl\conf_api.h">
      <Filter>inc\openssl</Filter>
    </ClInclude>
    <ClInclude Include="inc\openssl\crypto.h">
      <Filter>inc\openssl</Filter>
    </ClInclude>
    <ClInclude Include="inc\openssl\des.h">
      <Filter>inc\openssl</Filter>
    </ClInclude>
    <ClInclude Include="inc\openssl\des_old.h">
      <Filter>inc\openssl</Filter>
    </ClInclude>
    <ClInclude Include="inc\openssl\dh.h">
      <Filter>inc\openssl</Filter>
    </ClInclude>
    <ClInclude Include="inc\openssl\dsa.h">
      <Filter>inc\openssl</Filter>
    </ClInclude>
    <ClInclude Include="inc\openssl\dso.h">
      <Filter>inc\openssl</Filter>
    </ClInclude>
    <ClInclude Include="inc\openssl\dtls1.h">
      <Filter>inc\openssl</Filter>
    </ClInclude>
    <ClInclude Include="inc\openssl\e_os2.h">
      <Filter>inc\openssl</Filter>
    </ClInclude>
    <ClInclude Include="inc\openssl\ebcdic.h">
      <Filter>inc\openssl</Filter>
    </ClInclude>
    <ClInclude Include="inc\openssl\ec.h">
      <Filter>inc\openssl</Filter>
    </ClInclude>
    <ClInclude Include="inc\openssl\ecdh.h">
      <Filter>inc\openssl</Filter>
    </ClInclude>
    <ClInclude Include="inc\openssl\ecdsa.h">
      <Filter>inc\openssl</Filter>
    </ClInclude>
    <ClInclude Include="inc\openssl\engine.h">
      <Filter>inc\openssl</Filter>
    </ClInclude>
    <ClInclude Include="inc\openssl\err.h">
      <Filter>inc\openssl</Filter>
    </ClInclude>
    <ClInclude Include="inc\openssl\evp.h">
      <Filter>inc\openssl</Filter>
    </ClInclude>
    <ClInclude Include="inc\openssl\hmac.h">
      <Filter>inc\openssl</Filter>
    </ClInclude>
    <ClInclude Include="inc\openssl\idea.h">
      <Filter>inc\openssl</Filter>
    </ClInclude>
    <ClInclude Include="inc\openssl\krb5_asn.h">
      <Filter>inc\openssl</Filter>
    </ClInclude>
    <ClInclude Include="inc\openssl\kssl.h">
      <Filter>inc\openssl</Filter>
    </ClInclude>
    <ClInclude Include="inc\openssl\lhash.h">
      <Filter>inc\openssl</Filter>
    </ClInclude>
    <ClInclude Include="inc\openssl\md4.h">
      <Filter>inc\openssl</Filter>
    </ClInclude>
    <ClInclude Include="inc\openssl\md5.h">
      <Filter>inc\openssl</Filter>
    </ClInclude>
    <ClInclude Include="inc\openssl\mdc2.h">
      <Filter>inc\openssl</Filter>
    </ClInclude>
    <ClInclude Include="inc\openssl\modes.h">
      <Filter>inc\openssl</Filter>
    </ClInclude>
    <ClInclude Include="inc\openssl\obj_mac.h">
      <Filter>inc\openssl</Filter>
    </ClInclude>
    <ClInclude Include="inc\openssl\objects.h">
      <Filter>inc\openssl</Filter>
    </ClInclude>
    <ClInclude Include="inc\openssl\ocsp.h">
      <Filter>inc\openssl</Filter>
    </ClInclude>
    <ClInclude Include="inc\openssl\opensslconf.h">
      <Filter>inc\openssl</Filter>
    </ClInclude>
    <ClInclude Include="inc\openssl\opensslv.h">
      <Filter>inc\openssl</Filter>
    </ClInclude>
    <ClInclude Include="inc\openssl\ossl_typ.h">
      <Filter>inc\openssl</Filter>
    </ClInclude>
    <ClInclude Include="inc\openssl\pem.h">
      <Filter>inc\openssl</Filter>
    </ClInclude>
    <ClInclude Include="inc\openssl\pem2.h">
      <Filter>inc\openssl</Filter>
    </ClInclude>
    <ClInclude Include="inc\openssl\pkcs7.h">
      <Filter>inc\openssl</Filter>
    </ClInclude>
    <ClInclude Include="inc\openssl\pkcs12.h">
      <Filter>inc\openssl</Filter>
    </ClInclude>
    <ClInclude Include="inc\openssl\pqueue.h">
      <Filter>inc\openssl</Filter>
    </ClInclude>
    <ClInclude Include="inc\openssl\rand.h">
      <Filter>inc\openssl</Filter>
    </ClInclude>
    <ClInclude Include="inc\openssl\rc2.h">
      <Filter>inc\openssl</Filter>
    </ClInclude>
    <ClInclude Include="inc\openssl\rc4.h">
      <Filter>inc\openssl</Filter>
    </ClInclude>
    <ClInclude Include="inc\openssl\ripemd.h">
      <Filter>inc\openssl</Filter>
    </ClInclude>
    <ClInclude Include="inc\openssl\rsa.h">
      <Filter>inc\openssl</Filter>
    </ClInclude>
    <ClInclude Include="inc\openssl\safestack.h">
      <Filter>inc\openssl</Filter>
    </ClInclude>
    <ClInclude Include="inc\openssl\seed.h">
      <Filter>inc\openssl</Filter>
    </ClInclude>
    <ClInclude Include="inc\openssl\sha.h">
      <Filter>inc\openssl</Filter>
    </ClInclude>
    <ClInclude Include="inc\openssl\srp.h">
      <Filter>inc\openssl</Filter>
    </ClInclude>
    <ClInclude Include="inc\openssl\srtp.h">
      <Filter>inc\openssl</Filter>
    </ClInclude>
    <ClInclude Include="inc\openssl\ssl.h">
      <Filter>inc\openssl</Filter>
    </ClInclude>
    <ClInclude Include="inc\openssl\ssl2.h">
      <Filter>inc\openssl</Filter>
    </ClInclude>
    <ClInclude Include="inc\openssl\ssl3.h">
      <Filter>inc\openssl</Filter>
    </ClInclude>
    <ClInclude Include="inc\openssl\ssl23.h">
      <Filter>inc\openssl</Filter>
    </ClInclude>
    <ClInclude Include="inc\openssl\stack.h">
      <Filter>inc\openssl</Filter>
    </ClInclude>
    <ClInclude Include="inc\openssl\symhacks.h">
      <Filter>inc\openssl</Filter>
    </ClInclude>
    <ClInclude Include="inc\openssl\tls1.h">
      <Filter>inc\openssl</Filter>
    </ClInclude>
    <ClInclude Include="inc\openssl\ts.h">
      <Filter>inc\openssl</Filter>
    </ClInclude>
    <ClInclude Include="inc\openssl\txt_db.h">
      <Filter>inc\openssl</Filter>
    </ClInclude>
    <ClInclude Include="inc\openssl\ui.h">
      <Filter>inc\openssl</Filter>
    </ClInclude>
    <ClInclude Include="inc\openssl\ui_compat.h">
      <Filter>inc\openssl</Filter>
    </ClInclude>
    <ClInclude Include="inc\openssl\whrlpool.h">
      <Filter>inc\openssl</Filter>
    </ClInclude>
    <ClInclude Include="inc\openssl\x509.h">
      <Filter>inc\openssl</Filter>
    </ClInclude>
    <ClInclude Include="inc\openssl\x509_vfy.h">
      <Filter>inc\openssl</Filter>
    </ClInclude>
    <ClInclude Include="inc\openssl\x509v3.h">
      <Filter>inc\openssl</Filter>
    </ClInclude>
  </ItemGroup>
  <ItemGroup>
    <Filter Include="lib">
      <UniqueIdentifier>{43dddc66-59c6-4ad8-b57f-904908457e26}</UniqueIdentifier>
    </Filter>
    <Filter Include="inc">
      <UniqueIdentifier>{ca12b473-aaca-4b1a-b792-3a5a0e52afd9}</UniqueIdentifier>
    </Filter>
    <Filter Include="inc\openssl">
      <UniqueIdentifier>{8cecffda-4fb7-48ea-8fd3-779cfeb33f34}</UniqueIdentifier>
    </Filter>
  </ItemGroup>
  <ItemGroup>
    <Library Include="lib\libeay32.lib">
      <Filter>lib</Filter>
    </Library>
    <Library Include="lib\ntdll.min.lib">
      <Filter>lib</Filter>
    </Library>
  </ItemGroup>
</Project>